<Solution>
  <Project Path="UMA_Core_Editor.csproj" />
  <Project Path="Assembly-CSharp.csproj" />
  <Project Path="Unity.Netcode.Runtime.csproj" />
  <Project Path="Netcode for GameObjects Community Extensions.csproj" />
  <Project Path="UMA_Core.csproj" />
  <Project Path="Assembly-CSharp-Editor.csproj" />
  <Project Path="Addressable_Editor.csproj" />
  <Project Path="Netcode for GameObjects Community Extensions Editor.csproj" />
</Solution>
